// !$*UTF8*$!
{
	archiveVersion = 1;
	classes = {
	};
	objectVersion = 56;
	objects = {

/* Begin PBXBuildFile section */
		CE0F8AE02C214FD9007B29A4 /* HealthStoreContainer.swift in Sources */ = {isa = PBXBuildFile; fileRef = CE906CB32C1864F100BCDF1F /* HealthStoreContainer.swift */; };
		CE0F8AE22C218CA3007B29A4 /* CalorieManager.swift in Sources */ = {isa = PBXBuildFile; fileRef = CE0F8AE12C218CA3007B29A4 /* CalorieManager.swift */; };
		CE0F8AE32C227F60007B29A4 /* CalorieManager.swift in Sources */ = {isa = PBXBuildFile; fileRef = CE0F8AE12C218CA3007B29A4 /* CalorieManager.swift */; };
		CE0F8B012C22BDE2007B29A4 /* Misc.swift in Sources */ = {isa = PBXBuildFile; fileRef = CE0F8B002C22BDE2007B29A4 /* Misc.swift */; };
		CE0F8B022C22BDE2007B29A4 /* Misc.swift in Sources */ = {isa = PBXBuildFile; fileRef = CE0F8B002C22BDE2007B29A4 /* Misc.swift */; };
		CE381D962C204EA600EB86A8 /* Assets.xcassets in Resources */ = {isa = PBXBuildFile; fileRef = CE906CA92C18647400BCDF1F /* Assets.xcassets */; };
		CE8AF2892C205E4E00CAF618 /* EnergyBurnedStatusView.swift in Sources */ = {isa = PBXBuildFile; fileRef = CE8AF2882C205E4E00CAF618 /* EnergyBurnedStatusView.swift */; };
		CE906CA62C18647300BCDF1F /* LiveWalkAndCalApp.swift in Sources */ = {isa = PBXBuildFile; fileRef = CE906CA52C18647300BCDF1F /* LiveWalkAndCalApp.swift */; };
		CE906CA82C18647300BCDF1F /* ContentView.swift in Sources */ = {isa = PBXBuildFile; fileRef = CE906CA72C18647300BCDF1F /* ContentView.swift */; };
		CE906CAA2C18647400BCDF1F /* Assets.xcassets in Resources */ = {isa = PBXBuildFile; fileRef = CE906CA92C18647400BCDF1F /* Assets.xcassets */; };
		CE906CAD2C18647400BCDF1F /* Preview Assets.xcassets in Resources */ = {isa = PBXBuildFile; fileRef = CE906CAC2C18647400BCDF1F /* Preview Assets.xcassets */; };
		CE906CB42C1864F100BCDF1F /* HealthStoreContainer.swift in Sources */ = {isa = PBXBuildFile; fileRef = CE906CB32C1864F100BCDF1F /* HealthStoreContainer.swift */; };
		CE906CB62C18652D00BCDF1F /* LiveWalkAndCalView.swift in Sources */ = {isa = PBXBuildFile; fileRef = CE906CB52C18652D00BCDF1F /* LiveWalkAndCalView.swift */; };
		CE906D182C1896C800BCDF1F /* WidgetKit.framework in Frameworks */ = {isa = PBXBuildFile; fileRef = CE906CBE2C18674200BCDF1F /* WidgetKit.framework */; };
		CE906D192C1896C800BCDF1F /* SwiftUI.framework in Frameworks */ = {isa = PBXBuildFile; fileRef = CE906CC02C18674200BCDF1F /* SwiftUI.framework */; };
		CE906D1C2C1896C800BCDF1F /* WalkAndCalWidgetBundle.swift in Sources */ = {isa = PBXBuildFile; fileRef = CE906D1B2C1896C800BCDF1F /* WalkAndCalWidgetBundle.swift */; };
		CE906D1E2C1896C800BCDF1F /* WalkAndCalWidgetLiveActivity.swift in Sources */ = {isa = PBXBuildFile; fileRef = CE906D1D2C1896C800BCDF1F /* WalkAndCalWidgetLiveActivity.swift */; };
		CE906D202C1896C800BCDF1F /* WalkAndCalWidget.swift in Sources */ = {isa = PBXBuildFile; fileRef = CE906D1F2C1896C800BCDF1F /* WalkAndCalWidget.swift */; };
		CE906D222C1896C800BCDF1F /* AppIntent.swift in Sources */ = {isa = PBXBuildFile; fileRef = CE906D212C1896C800BCDF1F /* AppIntent.swift */; };
		CE906D242C1896CA00BCDF1F /* Assets.xcassets in Resources */ = {isa = PBXBuildFile; fileRef = CE906D232C1896CA00BCDF1F /* Assets.xcassets */; };
		CE906D282C1896CA00BCDF1F /* WalkAndCalWidgetExtension.appex in Embed Foundation Extensions */ = {isa = PBXBuildFile; fileRef = CE906D172C1896C800BCDF1F /* WalkAndCalWidgetExtension.appex */; settings = {ATTRIBUTES = (RemoveHeadersOnCopy, ); }; };
		CE906D572C18B60A00BCDF1F /* ActivityManager.swift in Sources */ = {isa = PBXBuildFile; fileRef = CE906D2D2C189E6400BCDF1F /* ActivityManager.swift */; };
		CE906D582C18B62100BCDF1F /* ActivityManager.swift in Sources */ = {isa = PBXBuildFile; fileRef = CE906D2D2C189E6400BCDF1F /* ActivityManager.swift */; };
		CE906D592C191E6900BCDF1F /* WalkAndCalWidgetLiveActivity.swift in Sources */ = {isa = PBXBuildFile; fileRef = CE906D1D2C1896C800BCDF1F /* WalkAndCalWidgetLiveActivity.swift */; };
/* End PBXBuildFile section */

/* Begin PBXContainerItemProxy section */
		CE906D262C1896CA00BCDF1F /* PBXContainerItemProxy */ = {
			isa = PBXContainerItemProxy;
			containerPortal = CE906C9A2C18647300BCDF1F /* Project object */;
			proxyType = 1;
			remoteGlobalIDString = CE906D162C1896C800BCDF1F;
			remoteInfo = WalkAndCalWidgetExtension;
		};
		CE906D2F2C18A55100BCDF1F /* PBXContainerItemProxy */ = {
			isa = PBXContainerItemProxy;
			containerPortal = CE906C9A2C18647300BCDF1F /* Project object */;
			proxyType = 1;
			remoteGlobalIDString = CE906D162C1896C800BCDF1F;
			remoteInfo = WalkAndCalWidgetExtension;
		};
/* End PBXContainerItemProxy section */

/* Begin PBXCopyFilesBuildPhase section */
		CE906CD42C18674300BCDF1F /* Embed Foundation Extensions */ = {
			isa = PBXCopyFilesBuildPhase;
			buildActionMask = 12;
			dstPath = "";
			dstSubfolderSpec = 13;
			files = (
				CE906D282C1896CA00BCDF1F /* WalkAndCalWidgetExtension.appex in Embed Foundation Extensions */,
			);
			name = "Embed Foundation Extensions";
			runOnlyForDeploymentPostprocessing = 0;
		};
		CE906D502C18AE8D00BCDF1F /* Embed Frameworks */ = {
			isa = PBXCopyFilesBuildPhase;
			buildActionMask = 2147483647;
			dstPath = "";
			dstSubfolderSpec = 10;
			files = (
			);
			name = "Embed Frameworks";
			runOnlyForDeploymentPostprocessing = 0;
		};
/* End PBXCopyFilesBuildPhase section */

/* Begin PBXFileReference section */
		CE0F8AE12C218CA3007B29A4 /* CalorieManager.swift */ = {isa = PBXFileReference; lastKnownFileType = sourcecode.swift; path = CalorieManager.swift; sourceTree = "<group>"; };
		CE0F8B002C22BDE2007B29A4 /* Misc.swift */ = {isa = PBXFileReference; lastKnownFileType = sourcecode.swift; path = Misc.swift; sourceTree = "<group>"; };
		CE8AF2882C205E4E00CAF618 /* EnergyBurnedStatusView.swift */ = {isa = PBXFileReference; lastKnownFileType = sourcecode.swift; path = EnergyBurnedStatusView.swift; sourceTree = "<group>"; };
		CE906CA22C18647300BCDF1F /* LiveWalkAndCal.app */ = {isa = PBXFileReference; explicitFileType = wrapper.application; includeInIndex = 0; path = LiveWalkAndCal.app; sourceTree = BUILT_PRODUCTS_DIR; };
		CE906CA52C18647300BCDF1F /* LiveWalkAndCalApp.swift */ = {isa = PBXFileReference; lastKnownFileType = sourcecode.swift; path = LiveWalkAndCalApp.swift; sourceTree = "<group>"; };
		CE906CA72C18647300BCDF1F /* ContentView.swift */ = {isa = PBXFileReference; lastKnownFileType = sourcecode.swift; path = ContentView.swift; sourceTree = "<group>"; };
		CE906CA92C18647400BCDF1F /* Assets.xcassets */ = {isa = PBXFileReference; lastKnownFileType = folder.assetcatalog; path = Assets.xcassets; sourceTree = "<group>"; };
		CE906CAC2C18647400BCDF1F /* Preview Assets.xcassets */ = {isa = PBXFileReference; lastKnownFileType = folder.assetcatalog; path = "Preview Assets.xcassets"; sourceTree = "<group>"; };
		CE906CB32C1864F100BCDF1F /* HealthStoreContainer.swift */ = {isa = PBXFileReference; lastKnownFileType = sourcecode.swift; path = HealthStoreContainer.swift; sourceTree = "<group>"; };
		CE906CB52C18652D00BCDF1F /* LiveWalkAndCalView.swift */ = {isa = PBXFileReference; lastKnownFileType = sourcecode.swift; path = LiveWalkAndCalView.swift; sourceTree = "<group>"; };
		CE906CB72C18669900BCDF1F /* LiveWalkAndCal.entitlements */ = {isa = PBXFileReference; lastKnownFileType = text.plist.entitlements; path = LiveWalkAndCal.entitlements; sourceTree = "<group>"; };
		CE906CBE2C18674200BCDF1F /* WidgetKit.framework */ = {isa = PBXFileReference; lastKnownFileType = wrapper.framework; name = WidgetKit.framework; path = System/Library/Frameworks/WidgetKit.framework; sourceTree = SDKROOT; };
		CE906CC02C18674200BCDF1F /* SwiftUI.framework */ = {isa = PBXFileReference; lastKnownFileType = wrapper.framework; name = SwiftUI.framework; path = System/Library/Frameworks/SwiftUI.framework; sourceTree = SDKROOT; };
		CE906D172C1896C800BCDF1F /* WalkAndCalWidgetExtension.appex */ = {isa = PBXFileReference; explicitFileType = "wrapper.app-extension"; includeInIndex = 0; path = WalkAndCalWidgetExtension.appex; sourceTree = BUILT_PRODUCTS_DIR; };
		CE906D1B2C1896C800BCDF1F /* WalkAndCalWidgetBundle.swift */ = {isa = PBXFileReference; lastKnownFileType = sourcecode.swift; path = WalkAndCalWidgetBundle.swift; sourceTree = "<group>"; };
		CE906D1D2C1896C800BCDF1F /* WalkAndCalWidgetLiveActivity.swift */ = {isa = PBXFileReference; lastKnownFileType = sourcecode.swift; path = WalkAndCalWidgetLiveActivity.swift; sourceTree = "<group>"; };
		CE906D1F2C1896C800BCDF1F /* WalkAndCalWidget.swift */ = {isa = PBXFileReference; lastKnownFileType = sourcecode.swift; path = WalkAndCalWidget.swift; sourceTree = "<group>"; };
		CE906D212C1896C800BCDF1F /* AppIntent.swift */ = {isa = PBXFileReference; lastKnownFileType = sourcecode.swift; path = AppIntent.swift; sourceTree = "<group>"; };
		CE906D232C1896CA00BCDF1F /* Assets.xcassets */ = {isa = PBXFileReference; lastKnownFileType = folder.assetcatalog; path = Assets.xcassets; sourceTree = "<group>"; };
		CE906D252C1896CA00BCDF1F /* Info.plist */ = {isa = PBXFileReference; lastKnownFileType = text.plist.xml; path = Info.plist; sourceTree = "<group>"; };
		CE906D2D2C189E6400BCDF1F /* ActivityManager.swift */ = {isa = PBXFileReference; lastKnownFileType = sourcecode.swift; path = ActivityManager.swift; sourceTree = "<group>"; };
/* End PBXFileReference section */

/* Begin PBXFrameworksBuildPhase section */
		CE906C9F2C18647300BCDF1F /* Frameworks */ = {
			isa = PBXFrameworksBuildPhase;
			buildActionMask = 2147483647;
			files = (
			);
			runOnlyForDeploymentPostprocessing = 0;
		};
		CE906D142C1896C800BCDF1F /* Frameworks */ = {
			isa = PBXFrameworksBuildPhase;
			buildActionMask = 2147483647;
			files = (
				CE906D192C1896C800BCDF1F /* SwiftUI.framework in Frameworks */,
				CE906D182C1896C800BCDF1F /* WidgetKit.framework in Frameworks */,
			);
			runOnlyForDeploymentPostprocessing = 0;
		};
/* End PBXFrameworksBuildPhase section */

/* Begin PBXGroup section */
		CE906C992C18647300BCDF1F = {
			isa = PBXGroup;
			children = (
				CE906CA42C18647300BCDF1F /* LiveWalkAndCal */,
				CE906D1A2C1896C800BCDF1F /* WalkAndCalWidget */,
				CE906CBD2C18674200BCDF1F /* Frameworks */,
				CE906CA32C18647300BCDF1F /* Products */,
			);
			sourceTree = "<group>";
		};
		CE906CA32C18647300BCDF1F /* Products */ = {
			isa = PBXGroup;
			children = (
				CE906CA22C18647300BCDF1F /* LiveWalkAndCal.app */,
				CE906D172C1896C800BCDF1F /* WalkAndCalWidgetExtension.appex */,
			);
			name = Products;
			sourceTree = "<group>";
		};
		CE906CA42C18647300BCDF1F /* LiveWalkAndCal */ = {
			isa = PBXGroup;
			children = (
				CE906CB72C18669900BCDF1F /* LiveWalkAndCal.entitlements */,
				CE906CA52C18647300BCDF1F /* LiveWalkAndCalApp.swift */,
				CE906CB32C1864F100BCDF1F /* HealthStoreContainer.swift */,
				CE906CB52C18652D00BCDF1F /* LiveWalkAndCalView.swift */,
				CE0F8B002C22BDE2007B29A4 /* Misc.swift */,
				CE0F8AE12C218CA3007B29A4 /* CalorieManager.swift */,
				CE8AF2882C205E4E00CAF618 /* EnergyBurnedStatusView.swift */,
				CE906CA72C18647300BCDF1F /* ContentView.swift */,
				CE906CA92C18647400BCDF1F /* Assets.xcassets */,
				CE906CAB2C18647400BCDF1F /* Preview Content */,
			);
			path = LiveWalkAndCal;
			sourceTree = "<group>";
		};
		CE906CAB2C18647400BCDF1F /* Preview Content */ = {
			isa = PBXGroup;
			children = (
				CE906CAC2C18647400BCDF1F /* Preview Assets.xcassets */,
			);
			path = "Preview Content";
			sourceTree = "<group>";
		};
		CE906CBD2C18674200BCDF1F /* Frameworks */ = {
			isa = PBXGroup;
			children = (
				CE906CBE2C18674200BCDF1F /* WidgetKit.framework */,
				CE906CC02C18674200BCDF1F /* SwiftUI.framework */,
			);
			name = Frameworks;
			sourceTree = "<group>";
		};
		CE906D1A2C1896C800BCDF1F /* WalkAndCalWidget */ = {
			isa = PBXGroup;
			children = (
				CE906D2D2C189E6400BCDF1F /* ActivityManager.swift */,
				CE906D1B2C1896C800BCDF1F /* WalkAndCalWidgetBundle.swift */,
				CE906D1F2C1896C800BCDF1F /* WalkAndCalWidget.swift */,
				CE906D1D2C1896C800BCDF1F /* WalkAndCalWidgetLiveActivity.swift */,
				CE906D212C1896C800BCDF1F /* AppIntent.swift */,
				CE906D232C1896CA00BCDF1F /* Assets.xcassets */,
				CE906D252C1896CA00BCDF1F /* Info.plist */,
			);
			path = WalkAndCalWidget;
			sourceTree = "<group>";
		};
/* End PBXGroup section */

/* Begin PBXNativeTarget section */
		CE906CA12C18647300BCDF1F /* LiveWalkAndCal */ = {
			isa = PBXNativeTarget;
			buildConfigurationList = CE906CB02C18647400BCDF1F /* Build configuration list for PBXNativeTarget "LiveWalkAndCal" */;
			buildPhases = (
				CE906C9E2C18647300BCDF1F /* Sources */,
				CE906C9F2C18647300BCDF1F /* Frameworks */,
				CE906CA02C18647300BCDF1F /* Resources */,
				CE906CD42C18674300BCDF1F /* Embed Foundation Extensions */,
				CE906D502C18AE8D00BCDF1F /* Embed Frameworks */,
			);
			buildRules = (
			);
			dependencies = (
				CE906D272C1896CA00BCDF1F /* PBXTargetDependency */,
				CE906D302C18A55100BCDF1F /* PBXTargetDependency */,
			);
			name = LiveWalkAndCal;
			productName = LiveWalkAndCal;
			productReference = CE906CA22C18647300BCDF1F /* LiveWalkAndCal.app */;
			productType = "com.apple.product-type.application";
		};
		CE906D162C1896C800BCDF1F /* WalkAndCalWidgetExtension */ = {
			isa = PBXNativeTarget;
			buildConfigurationList = CE906D292C1896CA00BCDF1F /* Build configuration list for PBXNativeTarget "WalkAndCalWidgetExtension" */;
			buildPhases = (
				CE906D132C1896C800BCDF1F /* Sources */,
				CE906D142C1896C800BCDF1F /* Frameworks */,
				CE906D152C1896C800BCDF1F /* Resources */,
			);
			buildRules = (
			);
			dependencies = (
			);
			name = WalkAndCalWidgetExtension;
			productName = WalkAndCalWidgetExtension;
			productReference = CE906D172C1896C800BCDF1F /* WalkAndCalWidgetExtension.appex */;
			productType = "com.apple.product-type.app-extension";
		};
/* End PBXNativeTarget section */

/* Begin PBXProject section */
		CE906C9A2C18647300BCDF1F /* Project object */ = {
			isa = PBXProject;
			attributes = {
				BuildIndependentTargetsInParallel = 1;
				LastSwiftUpdateCheck = 1540;
				LastUpgradeCheck = 1540;
				TargetAttributes = {
					CE906CA12C18647300BCDF1F = {
						CreatedOnToolsVersion = 15.4;
					};
					CE906D162C1896C800BCDF1F = {
						CreatedOnToolsVersion = 15.4;
					};
				};
			};
			buildConfigurationList = CE906C9D2C18647300BCDF1F /* Build configuration list for PBXProject "LiveWalkAndCal" */;
			compatibilityVersion = "Xcode 14.0";
			developmentRegion = en;
			hasScannedForEncodings = 0;
			knownRegions = (
				en,
				Base,
			);
			mainGroup = CE906C992C18647300BCDF1F;
			productRefGroup = CE906CA32C18647300BCDF1F /* Products */;
			projectDirPath = "";
			projectRoot = "";
			targets = (
				CE906CA12C18647300BCDF1F /* LiveWalkAndCal */,
				CE906D162C1896C800BCDF1F /* WalkAndCalWidgetExtension */,
			);
		};
/* End PBXProject section */

/* Begin PBXResourcesBuildPhase section */
		CE906CA02C18647300BCDF1F /* Resources */ = {
			isa = PBXResourcesBuildPhase;
			buildActionMask = 2147483647;
			files = (
				CE906CAD2C18647400BCDF1F /* Preview Assets.xcassets in Resources */,
				CE906CAA2C18647400BCDF1F /* Assets.xcassets in Resources */,
			);
			runOnlyForDeploymentPostprocessing = 0;
		};
		CE906D152C1896C800BCDF1F /* Resources */ = {
			isa = PBXResourcesBuildPhase;
			buildActionMask = 2147483647;
			files = (
				CE381D962C204EA600EB86A8 /* Assets.xcassets in Resources */,
				CE906D242C1896CA00BCDF1F /* Assets.xcassets in Resources */,
			);
			runOnlyForDeploymentPostprocessing = 0;
		};
/* End PBXResourcesBuildPhase section */

/* Begin PBXSourcesBuildPhase section */
		CE906C9E2C18647300BCDF1F /* Sources */ = {
			isa = PBXSourcesBuildPhase;
			buildActionMask = 2147483647;
			files = (
				CE906D582C18B62100BCDF1F /* ActivityManager.swift in Sources */,
				CE906CB62C18652D00BCDF1F /* LiveWalkAndCalView.swift in Sources */,
				CE906D592C191E6900BCDF1F /* WalkAndCalWidgetLiveActivity.swift in Sources */,
				CE0F8B012C22BDE2007B29A4 /* Misc.swift in Sources */,
				CE906CA82C18647300BCDF1F /* ContentView.swift in Sources */,
				CE906CB42C1864F100BCDF1F /* HealthStoreContainer.swift in Sources */,
				CE8AF2892C205E4E00CAF618 /* EnergyBurnedStatusView.swift in Sources */,
				CE0F8AE22C218CA3007B29A4 /* CalorieManager.swift in Sources */,
				CE906CA62C18647300BCDF1F /* LiveWalkAndCalApp.swift in Sources */,
			);
			runOnlyForDeploymentPostprocessing = 0;
		};
		CE906D132C1896C800BCDF1F /* Sources */ = {
			isa = PBXSourcesBuildPhase;
			buildActionMask = 2147483647;
			files = (
				CE0F8AE32C227F60007B29A4 /* CalorieManager.swift in Sources */,
				CE0F8B022C22BDE2007B29A4 /* Misc.swift in Sources */,
				CE906D572C18B60A00BCDF1F /* ActivityManager.swift in Sources */,
				CE0F8AE02C214FD9007B29A4 /* HealthStoreContainer.swift in Sources */,
				CE906D202C1896C800BCDF1F /* WalkAndCalWidget.swift in Sources */,
				CE906D222C1896C800BCDF1F /* AppIntent.swift in Sources */,
				CE906D1E2C1896C800BCDF1F /* WalkAndCalWidgetLiveActivity.swift in Sources */,
				CE906D1C2C1896C800BCDF1F /* WalkAndCalWidgetBundle.swift in Sources */,
			);
			runOnlyForDeploymentPostprocessing = 0;
		};
/* End PBXSourcesBuildPhase section */

/* Begin PBXTargetDependency section */
		CE906D272C1896CA00BCDF1F /* PBXTargetDependency */ = {
			isa = PBXTargetDependency;
			target = CE906D162C1896C800BCDF1F /* WalkAndCalWidgetExtension */;
			targetProxy = CE906D262C1896CA00BCDF1F /* PBXContainerItemProxy */;
		};
		CE906D302C18A55100BCDF1F /* PBXTargetDependency */ = {
			isa = PBXTargetDependency;
			target = CE906D162C1896C800BCDF1F /* WalkAndCalWidgetExtension */;
			targetProxy = CE906D2F2C18A55100BCDF1F /* PBXContainerItemProxy */;
		};
/* End PBXTargetDependency section */

/* Begin XCBuildConfiguration section */
		CE906CAE2C18647400BCDF1F /* Debug */ = {
			isa = XCBuildConfiguration;
			buildSettings = {
				ALWAYS_SEARCH_USER_PATHS = NO;
				ASSETCATALOG_COMPILER_GENERATE_SWIFT_ASSET_SYMBOL_EXTENSIONS = YES;
				CLANG_ANALYZER_NONNULL = YES;
				CLANG_ANALYZER_NUMBER_OBJECT_CONVERSION = YES_AGGRESSIVE;
				CLANG_CXX_LANGUAGE_STANDARD = "gnu++20";
				CLANG_ENABLE_MODULES = YES;
				CLANG_ENABLE_OBJC_ARC = YES;
				CLANG_ENABLE_OBJC_WEAK = YES;
				CLANG_WARN_BLOCK_CAPTURE_AUTORELEASING = YES;
				CLANG_WARN_BOOL_CONVERSION = YES;
				CLANG_WARN_COMMA = YES;
				CLANG_WARN_CONSTANT_CONVERSION = YES;
				CLANG_WARN_DEPRECATED_OBJC_IMPLEMENTATIONS = YES;
				CLANG_WARN_DIRECT_OBJC_ISA_USAGE = YES_ERROR;
				CLANG_WARN_DOCUMENTATION_COMMENTS = YES;
				CLANG_WARN_EMPTY_BODY = YES;
				CLANG_WARN_ENUM_CONVERSION = YES;
				CLANG_WARN_INFINITE_RECURSION = YES;
				CLANG_WARN_INT_CONVERSION = YES;
				CLANG_WARN_NON_LITERAL_NULL_CONVERSION = YES;
				CLANG_WARN_OBJC_IMPLICIT_RETAIN_SELF = YES;
				CLANG_WARN_OBJC_LITERAL_CONVERSION = YES;
				CLANG_WARN_OBJC_ROOT_CLASS = YES_ERROR;
				CLANG_WARN_QUOTED_INCLUDE_IN_FRAMEWORK_HEADER = YES;
				CLANG_WARN_RANGE_LOOP_ANALYSIS = YES;
				CLANG_WARN_STRICT_PROTOTYPES = YES;
				CLANG_WARN_SUSPICIOUS_MOVE = YES;
				CLANG_WARN_UNGUARDED_AVAILABILITY = YES_AGGRESSIVE;
				CLANG_WARN_UNREACHABLE_CODE = YES;
				CLANG_WARN__DUPLICATE_METHOD_MATCH = YES;
				COPY_PHASE_STRIP = NO;
				DEBUG_INFORMATION_FORMAT = dwarf;
				ENABLE_STRICT_OBJC_MSGSEND = YES;
				ENABLE_TESTABILITY = YES;
				ENABLE_USER_SCRIPT_SANDBOXING = YES;
				GCC_C_LANGUAGE_STANDARD = gnu17;
				GCC_DYNAMIC_NO_PIC = NO;
				GCC_NO_COMMON_BLOCKS = YES;
				GCC_OPTIMIZATION_LEVEL = 0;
				GCC_PREPROCESSOR_DEFINITIONS = (
					"DEBUG=1",
					"$(inherited)",
				);
				GCC_WARN_64_TO_32_BIT_CONVERSION = YES;
				GCC_WARN_ABOUT_RETURN_TYPE = YES_ERROR;
				GCC_WARN_UNDECLARED_SELECTOR = YES;
				GCC_WARN_UNINITIALIZED_AUTOS = YES_AGGRESSIVE;
				GCC_WARN_UNUSED_FUNCTION = YES;
				GCC_WARN_UNUSED_VARIABLE = YES;
				IPHONEOS_DEPLOYMENT_TARGET = 17.5;
				LOCALIZATION_PREFERS_STRING_CATALOGS = YES;
				MTL_ENABLE_DEBUG_INFO = INCLUDE_SOURCE;
				MTL_FAST_MATH = YES;
				ONLY_ACTIVE_ARCH = YES;
				SDKROOT = iphoneos;
				SWIFT_ACTIVE_COMPILATION_CONDITIONS = "DEBUG $(inherited)";
				SWIFT_OPTIMIZATION_LEVEL = "-Onone";
			};
			name = Debug;
		};
		CE906CAF2C18647400BCDF1F /* Release */ = {
			isa = XCBuildConfiguration;
			buildSettings = {
				ALWAYS_SEARCH_USER_PATHS = NO;
				ASSETCATALOG_COMPILER_GENERATE_SWIFT_ASSET_SYMBOL_EXTENSIONS = YES;
				CLANG_ANALYZER_NONNULL = YES;
				CLANG_ANALYZER_NUMBER_OBJECT_CONVERSION = YES_AGGRESSIVE;
				CLANG_CXX_LANGUAGE_STANDARD = "gnu++20";
				CLANG_ENABLE_MODULES = YES;
				CLANG_ENABLE_OBJC_ARC = YES;
				CLANG_ENABLE_OBJC_WEAK = YES;
				CLANG_WARN_BLOCK_CAPTURE_AUTORELEASING = YES;
				CLANG_WARN_BOOL_CONVERSION = YES;
				CLANG_WARN_COMMA = YES;
				CLANG_WARN_CONSTANT_CONVERSION = YES;
				CLANG_WARN_DEPRECATED_OBJC_IMPLEMENTATIONS = YES;
				CLANG_WARN_DIRECT_OBJC_ISA_USAGE = YES_ERROR;
				CLANG_WARN_DOCUMENTATION_COMMENTS = YES;
				CLANG_WARN_EMPTY_BODY = YES;
				CLANG_WARN_ENUM_CONVERSION = YES;
				CLANG_WARN_INFINITE_RECURSION = YES;
				CLANG_WARN_INT_CONVERSION = YES;
				CLANG_WARN_NON_LITERAL_NULL_CONVERSION = YES;
				CLANG_WARN_OBJC_IMPLICIT_RETAIN_SELF = YES;
				CLANG_WARN_OBJC_LITERAL_CONVERSION = YES;
				CLANG_WARN_OBJC_ROOT_CLASS = YES_ERROR;
				CLANG_WARN_QUOTED_INCLUDE_IN_FRAMEWORK_HEADER = YES;
				CLANG_WARN_RANGE_LOOP_ANALYSIS = YES;
				CLANG_WARN_STRICT_PROTOTYPES = YES;
				CLANG_WARN_SUSPICIOUS_MOVE = YES;
				CLANG_WARN_UNGUARDED_AVAILABILITY = YES_AGGRESSIVE;
				CLANG_WARN_UNREACHABLE_CODE = YES;
				CLANG_WARN__DUPLICATE_METHOD_MATCH = YES;
				COPY_PHASE_STRIP = NO;
				DEBUG_INFORMATION_FORMAT = "dwarf-with-dsym";
				ENABLE_NS_ASSERTIONS = NO;
				ENABLE_STRICT_OBJC_MSGSEND = YES;
				ENABLE_USER_SCRIPT_SANDBOXING = YES;
				GCC_C_LANGUAGE_STANDARD = gnu17;
				GCC_NO_COMMON_BLOCKS = YES;
				GCC_WARN_64_TO_32_BIT_CONVERSION = YES;
				GCC_WARN_ABOUT_RETURN_TYPE = YES_ERROR;
				GCC_WARN_UNDECLARED_SELECTOR = YES;
				GCC_WARN_UNINITIALIZED_AUTOS = YES_AGGRESSIVE;
				GCC_WARN_UNUSED_FUNCTION = YES;
				GCC_WARN_UNUSED_VARIABLE = YES;
				IPHONEOS_DEPLOYMENT_TARGET = 17.5;
				LOCALIZATION_PREFERS_STRING_CATALOGS = YES;
				MTL_ENABLE_DEBUG_INFO = NO;
				MTL_FAST_MATH = YES;
				SDKROOT = iphoneos;
				SWIFT_COMPILATION_MODE = wholemodule;
				VALIDATE_PRODUCT = YES;
			};
			name = Release;
		};
		CE906CB12C18647400BCDF1F /* Debug */ = {
			isa = XCBuildConfiguration;
			buildSettings = {
				ALWAYS_EMBED_SWIFT_STANDARD_LIBRARIES = YES;
				ASSETCATALOG_COMPILER_APPICON_NAME = AppIcon;
				ASSETCATALOG_COMPILER_GLOBAL_ACCENT_COLOR_NAME = AccentColor;
				CODE_SIGN_ENTITLEMENTS = LiveWalkAndCal/LiveWalkAndCal.entitlements;
				CODE_SIGN_STYLE = Automatic;
				CURRENT_PROJECT_VERSION = 1;
				DEVELOPMENT_ASSET_PATHS = "\"LiveWalkAndCal/Preview Content\"";
				DEVELOPMENT_TEAM = TB9MFLQJ6C;
				ENABLE_PREVIEWS = YES;
				GENERATE_INFOPLIST_FILE = YES;
				INFOPLIST_FILE = LiveWalkAndCal/Info.plist;
				INFOPLIST_KEY_NSHealthClinicalHealthRecordsShareUsageDescription = "For Research Purpose Only";
				INFOPLIST_KEY_NSHealthShareUsageDescription = "For Research Purpose Only";
				INFOPLIST_KEY_NSHealthUpdateUsageDescription = "For Research Purpose Only";
				INFOPLIST_KEY_NSSupportsLiveActivities = YES;
				INFOPLIST_KEY_NSSupportsLiveActivitiesFrequentUpdates = YES;
				INFOPLIST_KEY_UIApplicationSceneManifest_Generation = YES;
				INFOPLIST_KEY_UILaunchScreen_Generation = YES;
				INFOPLIST_KEY_UISupportedInterfaceOrientations_iPad = "UIInterfaceOrientationPortrait UIInterfaceOrientationPortraitUpsideDown UIInterfaceOrientationLandscapeLeft UIInterfaceOrientationLandscapeRight";
				INFOPLIST_KEY_UISupportedInterfaceOrientations_iPhone = "UIInterfaceOrientationPortrait UIInterfaceOrientationLandscapeLeft UIInterfaceOrientationLandscapeRight";
				IPHONEOS_DEPLOYMENT_TARGET = 17.5;
				LD_RUNPATH_SEARCH_PATHS = (
					"$(inherited)",
					"@executable_path/Frameworks",
				);
				MARKETING_VERSION = 1.0;
				PRODUCT_BUNDLE_IDENTIFIER = com.giwoo.andy.LiveWalkAndCal;
				PRODUCT_NAME = "$(TARGET_NAME)";
				SWIFT_EMIT_LOC_STRINGS = YES;
				SWIFT_VERSION = 5.0;
				TARGETED_DEVICE_FAMILY = "1,2";
			};
			name = Debug;
		};
		CE906CB22C18647400BCDF1F /* Release */ = {
			isa = XCBuildConfiguration;
			buildSettings = {
				ALWAYS_EMBED_SWIFT_STANDARD_LIBRARIES = YES;
				ASSETCATALOG_COMPILER_APPICON_NAME = AppIcon;
				ASSETCATALOG_COMPILER_GLOBAL_ACCENT_COLOR_NAME = AccentColor;
				CODE_SIGN_ENTITLEMENTS = LiveWalkAndCal/LiveWalkAndCal.entitlements;
				CODE_SIGN_STYLE = Automatic;
				CURRENT_PROJECT_VERSION = 1;
				DEVELOPMENT_ASSET_PATHS = "\"LiveWalkAndCal/Preview Content\"";
				DEVELOPMENT_TEAM = TB9MFLQJ6C;
				ENABLE_PREVIEWS = YES;
				GENERATE_INFOPLIST_FILE = YES;
				INFOPLIST_FILE = LiveWalkAndCal/Info.plist;
				INFOPLIST_KEY_NSHealthClinicalHealthRecordsShareUsageDescription = "For Research Purpose Only";
				INFOPLIST_KEY_NSHealthShareUsageDescription = "For Research Purpose Only";
				INFOPLIST_KEY_NSHealthUpdateUsageDescription = "For Research Purpose Only";
				INFOPLIST_KEY_NSSupportsLiveActivities = YES;
				INFOPLIST_KEY_NSSupportsLiveActivitiesFrequentUpdates = YES;
				INFOPLIST_KEY_UIApplicationSceneManifest_Generation = YES;
				INFOPLIST_KEY_UILaunchScreen_Generation = YES;
				INFOPLIST_KEY_UISupportedInterfaceOrientations_iPad = "UIInterfaceOrientationPortrait UIInterfaceOrientationPortraitUpsideDown UIInterfaceOrientationLandscapeLeft UIInterfaceOrientationLandscapeRight";
				INFOPLIST_KEY_UISupportedInterfaceOrientations_iPhone = "UIInterfaceOrientationPortrait UIInterfaceOrientationLandscapeLeft UIInterfaceOrientationLandscapeRight";
				IPHONEOS_DEPLOYMENT_TARGET = 17.5;
				LD_RUNPATH_SEARCH_PATHS = (
					"$(inherited)",
					"@executable_path/Frameworks",
				);
				MARKETING_VERSION = 1.0;
				PRODUCT_BUNDLE_IDENTIFIER = com.giwoo.andy.LiveWalkAndCal;
				PRODUCT_NAME = "$(TARGET_NAME)";
				SWIFT_EMIT_LOC_STRINGS = YES;
				SWIFT_VERSION = 5.0;
				TARGETED_DEVICE_FAMILY = "1,2";
			};
			name = Release;
		};
		CE906D2A2C1896CA00BCDF1F /* Debug */ = {
			isa = XCBuildConfiguration;
			buildSettings = {
				ASSETCATALOG_COMPILER_GLOBAL_ACCENT_COLOR_NAME = AccentColor;
				ASSETCATALOG_COMPILER_WIDGET_BACKGROUND_COLOR_NAME = WidgetBackground;
				CODE_SIGN_ENTITLEMENTS = WalkAndCalWidgetExtension.entitlements;
				CODE_SIGN_IDENTITY = "Apple Development";
				CODE_SIGN_STYLE = Automatic;
				CURRENT_PROJECT_VERSION = 1;
				DEVELOPMENT_TEAM = TB9MFLQJ6C;
				GENERATE_INFOPLIST_FILE = YES;
				INFOPLIST_FILE = WalkAndCalWidget/Info.plist;
				INFOPLIST_KEY_CFBundleDisplayName = WalkAndCalWidget;
				INFOPLIST_KEY_LSSupportsOpeningDocumentsInPlace = YES;
				INFOPLIST_KEY_NSHealthClinicalHealthRecordsShareUsageDescription = "For private research use onlyu";
				INFOPLIST_KEY_NSHealthShareUsageDescription = "For private research use only";
				INFOPLIST_KEY_NSHealthUpdateUsageDescription = "For private research use only";
				INFOPLIST_KEY_NSHumanReadableCopyright = "";
				INFOPLIST_KEY_NSSupportsLiveActivities = YES;
				INFOPLIST_KEY_NSSupportsLiveActivitiesFrequentUpdates = YES;
				IPHONEOS_DEPLOYMENT_TARGET = 17.0;
				LD_RUNPATH_SEARCH_PATHS = (
					"$(inherited)",
					"@executable_path/Frameworks",
					"@executable_path/../../Frameworks",
				);
				MARKETING_VERSION = 1.0;
				PRODUCT_BUNDLE_IDENTIFIER = com.giwoo.andy.LiveWalkAndCal.Widget;
				PRODUCT_NAME = "$(TARGET_NAME)";
				PROVISIONING_PROFILE_SPECIFIER = "";
				SKIP_INSTALL = YES;
				SWIFT_EMIT_LOC_STRINGS = YES;
				SWIFT_VERSION = 5.0;
				TARGETED_DEVICE_FAMILY = "1,2";
				TVOS_DEPLOYMENT_TARGET = 17.0;
			};
			name = Debug;
		};
		CE906D2B2C1896CA00BCDF1F /* Release */ = {
			isa = XCBuildConfiguration;
			buildSettings = {
				ASSETCATALOG_COMPILER_GLOBAL_ACCENT_COLOR_NAME = AccentColor;
				ASSETCATALOG_COMPILER_WIDGET_BACKGROUND_COLOR_NAME = WidgetBackground;
				CODE_SIGN_ENTITLEMENTS = WalkAndCalWidgetExtension.entitlements;
				CODE_SIGN_IDENTITY = "Apple Development";
				CODE_SIGN_STYLE = Automatic;
				CURRENT_PROJECT_VERSION = 1;
				DEVELOPMENT_TEAM = TB9MFLQJ6C;
				GENERATE_INFOPLIST_FILE = YES;
				INFOPLIST_FILE = WalkAndCalWidget/Info.plist;
				INFOPLIST_KEY_CFBundleDisplayName = WalkAndCalWidget;
				INFOPLIST_KEY_LSSupportsOpeningDocumentsInPlace = YES;
				INFOPLIST_KEY_NSHealthClinicalHealthRecordsShareUsageDescription = "For private research use onlyu";
				INFOPLIST_KEY_NSHealthShareUsageDescription = "For private research use only";
				INFOPLIST_KEY_NSHealthUpdateUsageDescription = "For private research use only";
				INFOPLIST_KEY_NSHumanReadableCopyright = "";
				INFOPLIST_KEY_NSSupportsLiveActivities = YES;
				INFOPLIST_KEY_NSSupportsLiveActivitiesFrequentUpdates = YES;
				IPHONEOS_DEPLOYMENT_TARGET = 17.0;
				LD_RUNPATH_SEARCH_PATHS = (
					"$(inherited)",
					"@executable_path/Frameworks",
					"@executable_path/../../Frameworks",
				);
				MARKETING_VERSION = 1.0;
				PRODUCT_BUNDLE_IDENTIFIER = com.giwoo.andy.LiveWalkAndCal.Widget;
				PRODUCT_NAME = "$(TARGET_NAME)";
				PROVISIONING_PROFILE_SPECIFIER = "";
				SKIP_INSTALL = YES;
				SWIFT_EMIT_LOC_STRINGS = YES;
				SWIFT_VERSION = 5.0;
				TARGETED_DEVICE_FAMILY = "1,2";
				TVOS_DEPLOYMENT_TARGET = 17.0;
			};
			name = Release;
		};
/* End XCBuildConfiguration section */

/* Begin XCConfigurationList section */
		CE906C9D2C18647300BCDF1F /* Build configuration list for PBXProject "LiveWalkAndCal" */ = {
			isa = XCConfigurationList;
			buildConfigurations = (
				CE906CAE2C18647400BCDF1F /* Debug */,
				CE906CAF2C18647400BCDF1F /* Release */,
			);
			defaultConfigurationIsVisible = 0;
			defaultConfigurationName = Release;
		};
		CE906CB02C18647400BCDF1F /* Build configuration list for PBXNativeTarget "LiveWalkAndCal" */ = {
			isa = XCConfigurationList;
			buildConfigurations = (
				CE906CB12C18647400BCDF1F /* Debug */,
				CE906CB22C18647400BCDF1F /* Release */,
			);
			defaultConfigurationIsVisible = 0;
			defaultConfigurationName = Release;
		};
		CE906D292C1896CA00BCDF1F /* Build configuration list for PBXNativeTarget "WalkAndCalWidgetExtension" */ = {
			isa = XCConfigurationList;
			buildConfigurations = (
				CE906D2A2C1896CA00BCDF1F /* Debug */,
				CE906D2B2C1896CA00BCDF1F /* Release */,
			);
			defaultConfigurationIsVisible = 0;
			defaultConfigurationName = Release;
		};
/* End XCConfigurationList section */
	};
	rootObject = CE906C9A2C18647300BCDF1F /* Project object */;
}
